
Microsoft Visual Studio Solution File, Format Version 11.00
# Visual Studio 2010
Project("{FAE04EC0-301F-11D3-BF4B-00C04F79EFBC}") = "Assembly-CSharp", "Assembly-CSharp.csproj", "{BAB28799-A133-B54C-AC23-3D41730ABBBB}"
EndProject
Global
	GlobalSection(SolutionConfigurationPlatforms) = preSolution
		Debug|Any CPU = Debug|Any CPU
		Release|Any CPU = Release|Any CPU
	EndGlobalSection
	GlobalSection(ProjectConfigurationPlatforms) = postSolution
		{BAB28799-A133-B54C-AC23-3D41730ABBBB}.Debug|Any CPU.ActiveCfg = Debug|Any CPU
		{BAB28799-A133-B54C-AC23-3D41730ABBBB}.Debug|Any CPU.Build.0 = Debug|Any CPU
		{BAB28799-A133-B54C-AC23-3D41730ABBBB}.Release|Any CPU.ActiveCfg = Release|Any CPU
		{BAB28799-A133-B54C-AC23-3D41730ABBBB}.Release|Any CPU.Build.0 = Release|Any CPU
	EndGlobalSection
	GlobalSection(SolutionProperties) = preSolution
		HideSolutionNode = FALSE
	EndGlobalSection
EndGlobal
